
Microsoft Visual Studio Solution File, Format Version 12.00
# Visual Studio Version 17
VisualStudioVersion = 17.14.36301.6 d17.14
MinimumVisualStudioVersion = 10.0.40219.1
Project("{FAE04EC0-301F-11D3-BF4B-00C04F79EFBC}") = "ACSBackend.API", "ACSBackend.API\ACSBackend.API.csproj", "{5E21E919-0D51-4262-8A25-DE3804F649AB}"
EndProject
Global
	GlobalSection(SolutionConfigurationPlatforms) = preSolution
		Debug|Any CPU = Debug|Any CPU
		Release|Any CPU = Release|Any CPU
	EndGlobalSection
	GlobalSection(ProjectConfigurationPlatforms) = postSolution
		{5E21E919-0D51-4262-8A25-DE3804F649AB}.Debug|Any CPU.ActiveCfg = Debug|Any CPU
		{5E21E919-0D51-4262-8A25-DE3804F649AB}.Debug|Any CPU.Build.0 = Debug|Any CPU
		{5E21E919-0D51-4262-8A25-DE3804F649AB}.Release|Any CPU.ActiveCfg = Release|Any CPU
		{5E21E919-0D51-4262-8A25-DE3804F649AB}.Release|Any CPU.Build.0 = Release|Any CPU
	EndGlobalSection
	GlobalSection(SolutionProperties) = preSolution
		HideSolutionNode = FALSE
	EndGlobalSection
	GlobalSection(ExtensibilityGlobals) = postSolution
		SolutionGuid = {4E6C307C-72E3-47EC-8DF6-7F2B7616BB81}
	EndGlobalSection
EndGlobal
